
Microsoft Visual Studio Solution File, Format Version 12.00
# Visual Studio Version 17
VisualStudioVersion = 17.2.32630.192
MinimumVisualStudioVersion = 10.0.40219.1
Project("{FAE04EC0-301F-11D3-BF4B-00C04F79EFBC}") = "CV19Statistics", "CV19Statistics\CV19Statistics.csproj", "{06092EA0-CD0B-44D7-9090-65A00F5DBBFA}"
EndProject
Global
	GlobalSection(SolutionConfigurationPlatforms) = preSolution
		Debug|Any CPU = Debug|Any CPU
		Release|Any CPU = Release|Any CPU
	EndGlobalSection
	GlobalSection(ProjectConfigurationPlatforms) = postSolution
		{06092EA0-CD0B-44D7-9090-65A00F5DBBFA}.Debug|Any CPU.ActiveCfg = Debug|Any CPU
		{06092EA0-CD0B-44D7-9090-65A00F5DBBFA}.Debug|Any CPU.Build.0 = Debug|Any CPU
		{06092EA0-CD0B-44D7-9090-65A00F5DBBFA}.Release|Any CPU.ActiveCfg = Release|Any CPU
		{06092EA0-CD0B-44D7-9090-65A00F5DBBFA}.Release|Any CPU.Build.0 = Release|Any CPU
	EndGlobalSection
	GlobalSection(SolutionProperties) = preSolution
		HideSolutionNode = FALSE
	EndGlobalSection
	GlobalSection(ExtensibilityGlobals) = postSolution
		SolutionGuid = {F3F32E65-D53A-4BA2-BE49-1E9AF941AD11}
	EndGlobalSection
EndGlobal
